
Microsoft Visual Studio Solution File, Format Version 12.00
# Visual Studio Version 17
VisualStudioVersion = 17.6.33829.357
MinimumVisualStudioVersion = 10.0.40219.1
Project("{FAE04EC0-301F-11D3-BF4B-00C04F79EFBC}") = "HashTable", "HashTable.csproj", "{3AC82E84-AA49-4F92-8AEB-CEE4D65DF381}"
EndProject
Global
	GlobalSection(SolutionConfigurationPlatforms) = preSolution
		Debug|Any CPU = Debug|Any CPU
		Release|Any CPU = Release|Any CPU
	EndGlobalSection
	GlobalSection(ProjectConfigurationPlatforms) = postSolution
		{3AC82E84-AA49-4F92-8AEB-CEE4D65DF381}.Debug|Any CPU.ActiveCfg = Debug|Any CPU
		{3AC82E84-AA49-4F92-8AEB-CEE4D65DF381}.Debug|Any CPU.Build.0 = Debug|Any CPU
		{3AC82E84-AA49-4F92-8AEB-CEE4D65DF381}.Release|Any CPU.ActiveCfg = Release|Any CPU
		{3AC82E84-AA49-4F92-8AEB-CEE4D65DF381}.Release|Any CPU.Build.0 = Release|Any CPU
	EndGlobalSection
	GlobalSection(SolutionProperties) = preSolution
		HideSolutionNode = FALSE
	EndGlobalSection
	GlobalSection(ExtensibilityGlobals) = postSolution
		SolutionGuid = {1179D5EB-D948-4B9F-8408-4A4D8E70CBB1}
	EndGlobalSection
EndGlobal
