
Microsoft Visual Studio Solution File, Format Version 12.00
# Visual Studio Version 17
VisualStudioVersion = 17.1.32228.430
MinimumVisualStudioVersion = 10.0.40219.1
Project("{FAE04EC0-301F-11D3-BF4B-00C04F79EFBC}") = "LuckyNumberForBigNumbers", "LuckyNumberForBigNumbers\LuckyNumberForBigNumbers.csproj", "{AA2ADC2C-5798-401D-9B1C-9A939FF44E2F}"
EndProject
Project("{FAE04EC0-301F-11D3-BF4B-00C04F79EFBC}") = "Tester", "Tester\Tester.csproj", "{0E20FD3C-4242-4E8A-8B41-34B9BF7BEE89}"
EndProject
Project("{FAE04EC0-301F-11D3-BF4B-00C04F79EFBC}") = "LuckyNumberRecursive", "LuckyNumberRecursive\LuckyNumberRecursive.csproj", "{D342FB09-683D-47B6-A634-81F247B31D9D}"
EndProject
Global
	GlobalSection(SolutionConfigurationPlatforms) = preSolution
		Debug|Any CPU = Debug|Any CPU
		Release|Any CPU = Release|Any CPU
	EndGlobalSection
	GlobalSection(ProjectConfigurationPlatforms) = postSolution
		{AA2ADC2C-5798-401D-9B1C-9A939FF44E2F}.Debug|Any CPU.ActiveCfg = Debug|Any CPU
		{AA2ADC2C-5798-401D-9B1C-9A939FF44E2F}.Debug|Any CPU.Build.0 = Debug|Any CPU
		{AA2ADC2C-5798-401D-9B1C-9A939FF44E2F}.Release|Any CPU.ActiveCfg = Release|Any CPU
		{AA2ADC2C-5798-401D-9B1C-9A939FF44E2F}.Release|Any CPU.Build.0 = Release|Any CPU
		{0E20FD3C-4242-4E8A-8B41-34B9BF7BEE89}.Debug|Any CPU.ActiveCfg = Debug|Any CPU
		{0E20FD3C-4242-4E8A-8B41-34B9BF7BEE89}.Debug|Any CPU.Build.0 = Debug|Any CPU
		{0E20FD3C-4242-4E8A-8B41-34B9BF7BEE89}.Release|Any CPU.ActiveCfg = Release|Any CPU
		{0E20FD3C-4242-4E8A-8B41-34B9BF7BEE89}.Release|Any CPU.Build.0 = Release|Any CPU
		{D342FB09-683D-47B6-A634-81F247B31D9D}.Debug|Any CPU.ActiveCfg = Debug|Any CPU
		{D342FB09-683D-47B6-A634-81F247B31D9D}.Debug|Any CPU.Build.0 = Debug|Any CPU
		{D342FB09-683D-47B6-A634-81F247B31D9D}.Release|Any CPU.ActiveCfg = Release|Any CPU
		{D342FB09-683D-47B6-A634-81F247B31D9D}.Release|Any CPU.Build.0 = Release|Any CPU
	EndGlobalSection
	GlobalSection(SolutionProperties) = preSolution
		HideSolutionNode = FALSE
	EndGlobalSection
	GlobalSection(ExtensibilityGlobals) = postSolution
		SolutionGuid = {07197CF4-E63A-4E3D-8258-1B77829DB4FF}
	EndGlobalSection
EndGlobal
