
Microsoft Visual Studio Solution File, Format Version 12.00
# Visual Studio Version 17
VisualStudioVersion = 17.3.32804.467
MinimumVisualStudioVersion = 10.0.40219.1
Project("{FAE04EC0-301F-11D3-BF4B-00C04F79EFBC}") = "Prime", "Prime\Prime.csproj", "{D9B35334-9AF0-4CBD-B5F0-F8F04EEAE697}"
EndProject
Project("{FAE04EC0-301F-11D3-BF4B-00C04F79EFBC}") = "Tester", "Tester\Tester.csproj", "{0E20FD3C-4242-4E8A-8B41-34B9BF7BEE89}"
EndProject
Global
	GlobalSection(SolutionConfigurationPlatforms) = preSolution
		Debug|Any CPU = Debug|Any CPU
		Release|Any CPU = Release|Any CPU
	EndGlobalSection
	GlobalSection(ProjectConfigurationPlatforms) = postSolution
		{D9B35334-9AF0-4CBD-B5F0-F8F04EEAE697}.Debug|Any CPU.ActiveCfg = Debug|Any CPU
		{D9B35334-9AF0-4CBD-B5F0-F8F04EEAE697}.Debug|Any CPU.Build.0 = Debug|Any CPU
		{D9B35334-9AF0-4CBD-B5F0-F8F04EEAE697}.Release|Any CPU.ActiveCfg = Release|Any CPU
		{D9B35334-9AF0-4CBD-B5F0-F8F04EEAE697}.Release|Any CPU.Build.0 = Release|Any CPU
		{0E20FD3C-4242-4E8A-8B41-34B9BF7BEE89}.Debug|Any CPU.ActiveCfg = Debug|Any CPU
		{0E20FD3C-4242-4E8A-8B41-34B9BF7BEE89}.Debug|Any CPU.Build.0 = Debug|Any CPU
		{0E20FD3C-4242-4E8A-8B41-34B9BF7BEE89}.Release|Any CPU.ActiveCfg = Release|Any CPU
		{0E20FD3C-4242-4E8A-8B41-34B9BF7BEE89}.Release|Any CPU.Build.0 = Release|Any CPU
	EndGlobalSection
	GlobalSection(SolutionProperties) = preSolution
		HideSolutionNode = FALSE
	EndGlobalSection
	GlobalSection(ExtensibilityGlobals) = postSolution
		SolutionGuid = {FED5CDB2-74B1-4A1E-9A62-9F264785DB58}
	EndGlobalSection
EndGlobal
